
Microsoft Visual Studio Solution File, Format Version 12.00
# Visual Studio Version 17
VisualStudioVersion = 17.13.35818.85 d17.13
MinimumVisualStudioVersion = 10.0.40219.1
Project("{FAE04EC0-301F-11D3-BF4B-00C04F79EFBC}") = "ConsoleCoreApp", "ConsoleCoreApp\ConsoleCoreApp.csproj", "{B93CAFA9-81F3-4BD2-A684-BDEA3FD55B2A}"
EndProject
Project("{FAE04EC0-301F-11D3-BF4B-00C04F79EFBC}") = "ConsoleFrameWorkApp", "ConsoleFrameWorkApp\ConsoleFrameWorkApp.csproj", "{5F14E96C-43BE-4A75-B94F-1B006EB46F45}"
EndProject
Project("{FAE04EC0-301F-11D3-BF4B-00C04F79EFBC}") = "Console withoutToplevelStatementApp", "Console withoutToplevelStatementApp\Console withoutToplevelStatementApp.csproj", "{1A1992FA-EBB5-43CB-924F-B2E892746056}"
EndProject
Global
	GlobalSection(SolutionConfigurationPlatforms) = preSolution
		Debug|Any CPU = Debug|Any CPU
		Release|Any CPU = Release|Any CPU
	EndGlobalSection
	GlobalSection(ProjectConfigurationPlatforms) = postSolution
		{B93CAFA9-81F3-4BD2-A684-BDEA3FD55B2A}.Debug|Any CPU.ActiveCfg = Debug|Any CPU
		{B93CAFA9-81F3-4BD2-A684-BDEA3FD55B2A}.Debug|Any CPU.Build.0 = Debug|Any CPU
		{B93CAFA9-81F3-4BD2-A684-BDEA3FD55B2A}.Release|Any CPU.ActiveCfg = Release|Any CPU
		{B93CAFA9-81F3-4BD2-A684-BDEA3FD55B2A}.Release|Any CPU.Build.0 = Release|Any CPU
		{5F14E96C-43BE-4A75-B94F-1B006EB46F45}.Debug|Any CPU.ActiveCfg = Debug|Any CPU
		{5F14E96C-43BE-4A75-B94F-1B006EB46F45}.Debug|Any CPU.Build.0 = Debug|Any CPU
		{5F14E96C-43BE-4A75-B94F-1B006EB46F45}.Release|Any CPU.ActiveCfg = Release|Any CPU
		{5F14E96C-43BE-4A75-B94F-1B006EB46F45}.Release|Any CPU.Build.0 = Release|Any CPU
		{1A1992FA-EBB5-43CB-924F-B2E892746056}.Debug|Any CPU.ActiveCfg = Debug|Any CPU
		{1A1992FA-EBB5-43CB-924F-B2E892746056}.Debug|Any CPU.Build.0 = Debug|Any CPU
		{1A1992FA-EBB5-43CB-924F-B2E892746056}.Release|Any CPU.ActiveCfg = Release|Any CPU
		{1A1992FA-EBB5-43CB-924F-B2E892746056}.Release|Any CPU.Build.0 = Release|Any CPU
	EndGlobalSection
	GlobalSection(SolutionProperties) = preSolution
		HideSolutionNode = FALSE
	EndGlobalSection
	GlobalSection(ExtensibilityGlobals) = postSolution
		SolutionGuid = {0F07DB14-E1AE-44F6-8892-C9E271249190}
	EndGlobalSection
EndGlobal
